
Microsoft Visual Studio Solution File, Format Version 12.00
# Visual Studio 15
VisualStudioVersion = 15.0.28307.329
MinimumVisualStudioVersion = 10.0.40219.1
Project("{FAE04EC0-301F-11D3-BF4B-00C04F79EFBC}") = "CustomNativeTile", "CustomNativeTile\CustomNativeTile.csproj", "{50D1D8FE-442A-4EFA-9400-8ED4E96CF6B2}"
EndProject
Global
	GlobalSection(SolutionConfigurationPlatforms) = preSolution
		Debug|Any CPU = Debug|Any CPU
		Release|Any CPU = Release|Any CPU
	EndGlobalSection
	GlobalSection(ProjectConfigurationPlatforms) = postSolution
		{50D1D8FE-442A-4EFA-9400-8ED4E96CF6B2}.Debug|Any CPU.ActiveCfg = Debug|Any CPU
		{50D1D8FE-442A-4EFA-9400-8ED4E96CF6B2}.Debug|Any CPU.Build.0 = Debug|Any CPU
		{50D1D8FE-442A-4EFA-9400-8ED4E96CF6B2}.Release|Any CPU.ActiveCfg = Release|Any CPU
		{50D1D8FE-442A-4EFA-9400-8ED4E96CF6B2}.Release|Any CPU.Build.0 = Release|Any CPU
	EndGlobalSection
	GlobalSection(SolutionProperties) = preSolution
		HideSolutionNode = FALSE
	EndGlobalSection
	GlobalSection(ExtensibilityGlobals) = postSolution
		SolutionGuid = {47970F82-6DA1-46B9-ABAD-E13E6073EBF8}
	EndGlobalSection
EndGlobal
